
Microsoft Visual Studio Solution File, Format Version 12.00
# Visual Studio Version 17
VisualStudioVersion = 17.6.33815.320
MinimumVisualStudioVersion = 10.0.40219.1
Project("{9A19103F-16F7-4668-BE54-9A1E7A4F7556}") = "BasicPointOfSale", "BasicPointOfSale\BasicPointOfSale.csproj", "{6E902B01-7BC8-4CA3-BCA2-12D0D83D7F12}"
EndProject
Project("{9A19103F-16F7-4668-BE54-9A1E7A4F7556}") = "PointOfSale.DAL", "PointOfSale.DAL\PointOfSale.DAL.csproj", "{9F67BC73-ABFE-45E3-B59D-4C588A09FF3F}"
EndProject
Project("{9A19103F-16F7-4668-BE54-9A1E7A4F7556}") = "PointOfSale.BL", "PointOfSale.BL\PointOfSale.BL.csproj", "{B8753961-3325-4CE1-AADB-EAF06EBAEA25}"
EndProject
Project("{9A19103F-16F7-4668-BE54-9A1E7A4F7556}") = "PointOfSale.Models", "PointOfSale.Models\PointOfSale.Models.csproj", "{BB528197-E916-4198-844C-C9CE34379A2B}"
EndProject
Project("{9A19103F-16F7-4668-BE54-9A1E7A4F7556}") = "DBScripts", "DBScripts\DBScripts.csproj", "{1AC8DBAD-77EA-42DD-A78E-7BE71ECC5D90}"
EndProject
Project("{FAE04EC0-301F-11D3-BF4B-00C04F79EFBC}") = "AdminDashboard", "AdminDashboard\AdminDashboard.csproj", "{5BF6A40D-DD12-4C57-A4AE-06F8A9974973}"
EndProject
Global
	GlobalSection(SolutionConfigurationPlatforms) = preSolution
		Debug|Any CPU = Debug|Any CPU
		Release|Any CPU = Release|Any CPU
	EndGlobalSection
	GlobalSection(ProjectConfigurationPlatforms) = postSolution
		{6E902B01-7BC8-4CA3-BCA2-12D0D83D7F12}.Debug|Any CPU.ActiveCfg = Debug|Any CPU
		{6E902B01-7BC8-4CA3-BCA2-12D0D83D7F12}.Debug|Any CPU.Build.0 = Debug|Any CPU
		{6E902B01-7BC8-4CA3-BCA2-12D0D83D7F12}.Release|Any CPU.ActiveCfg = Release|Any CPU
		{6E902B01-7BC8-4CA3-BCA2-12D0D83D7F12}.Release|Any CPU.Build.0 = Release|Any CPU
		{9F67BC73-ABFE-45E3-B59D-4C588A09FF3F}.Debug|Any CPU.ActiveCfg = Debug|Any CPU
		{9F67BC73-ABFE-45E3-B59D-4C588A09FF3F}.Debug|Any CPU.Build.0 = Debug|Any CPU
		{9F67BC73-ABFE-45E3-B59D-4C588A09FF3F}.Release|Any CPU.ActiveCfg = Release|Any CPU
		{9F67BC73-ABFE-45E3-B59D-4C588A09FF3F}.Release|Any CPU.Build.0 = Release|Any CPU
		{B8753961-3325-4CE1-AADB-EAF06EBAEA25}.Debug|Any CPU.ActiveCfg = Debug|Any CPU
		{B8753961-3325-4CE1-AADB-EAF06EBAEA25}.Debug|Any CPU.Build.0 = Debug|Any CPU
		{B8753961-3325-4CE1-AADB-EAF06EBAEA25}.Release|Any CPU.ActiveCfg = Release|Any CPU
		{B8753961-3325-4CE1-AADB-EAF06EBAEA25}.Release|Any CPU.Build.0 = Release|Any CPU
		{BB528197-E916-4198-844C-C9CE34379A2B}.Debug|Any CPU.ActiveCfg = Debug|Any CPU
		{BB528197-E916-4198-844C-C9CE34379A2B}.Debug|Any CPU.Build.0 = Debug|Any CPU
		{BB528197-E916-4198-844C-C9CE34379A2B}.Release|Any CPU.ActiveCfg = Release|Any CPU
		{BB528197-E916-4198-844C-C9CE34379A2B}.Release|Any CPU.Build.0 = Release|Any CPU
		{1AC8DBAD-77EA-42DD-A78E-7BE71ECC5D90}.Debug|Any CPU.ActiveCfg = Debug|Any CPU
		{1AC8DBAD-77EA-42DD-A78E-7BE71ECC5D90}.Debug|Any CPU.Build.0 = Debug|Any CPU
		{1AC8DBAD-77EA-42DD-A78E-7BE71ECC5D90}.Release|Any CPU.ActiveCfg = Release|Any CPU
		{1AC8DBAD-77EA-42DD-A78E-7BE71ECC5D90}.Release|Any CPU.Build.0 = Release|Any CPU
		{5BF6A40D-DD12-4C57-A4AE-06F8A9974973}.Debug|Any CPU.ActiveCfg = Debug|Any CPU
		{5BF6A40D-DD12-4C57-A4AE-06F8A9974973}.Debug|Any CPU.Build.0 = Debug|Any CPU
		{5BF6A40D-DD12-4C57-A4AE-06F8A9974973}.Release|Any CPU.ActiveCfg = Release|Any CPU
		{5BF6A40D-DD12-4C57-A4AE-06F8A9974973}.Release|Any CPU.Build.0 = Release|Any CPU
	EndGlobalSection
	GlobalSection(SolutionProperties) = preSolution
		HideSolutionNode = FALSE
	EndGlobalSection
	GlobalSection(ExtensibilityGlobals) = postSolution
		SolutionGuid = {37C27ACA-FC57-4AA6-9883-D9BB9BACB05C}
	EndGlobalSection
EndGlobal
